{
	"name": "typescript-demo",
	"version": "1.0.0",
	"lockfileVersion": 3,
	"requires": true,
	"packages": {
		"": {
			"name": "typescript-demo",
			"version": "1.0.0",
			"devDependencies": {
				"conditional-type-checks": "^1.0.6",
				"typescript": "^4.9.5"
			}
		},
		"node_modules/conditional-type-checks": {
			"version": "1.0.6",
			"resolved": "https://registry.npmjs.org/conditional-type-checks/-/conditional-type-checks-1.0.6.tgz",
			"integrity": "sha512-3vyi+yNcmKq+xl1sTX7Ta+4pUvjusMYbC6FSbrS6YJV8TI51wiRn24u4bfdFVhDKKH5GtpKQzxW7bqXbPWllgQ==",
			"dev": true
		},
		"node_modules/typescript": {
			"version": "4.9.5",
			"resolved": "https://registry.npmjs.org/typescript/-/typescript-4.9.5.tgz",
			"integrity": "sha512-1FXk9E2Hm+QzZQ7z+McJiHL4NW1F2EzMu9Nq9i3zAaGqibafqYwCVU6WyWAuyQRRzOlxou8xZSyXLEN8oKj24g==",
			"dev": true,
			"bin": {
				"tsc": "bin/tsc",
				"tsserver": "bin/tsserver"
			},
			"engines": {
				"node": ">=4.2.0"
			}
		}
	}
}
